{
    "name": "school-module",
    "lockfileVersion": 3,
    "requires": true,
    "packages": {
        "": {
            "devDependencies": {
                "@js-soft/ts-utils": "^2.3.3",
                "@nmshd/connector-types": "^6.16.3",
                "@types/express": "^5.0.1",
                "@types/luxon": "^3.4.2"
            }
        },
        "node_modules/@js-soft/docdb-access-abstractions": {
            "version": "1.1.0",
            "dev": true,
            "license": "MIT",
            "peer": true
        },
        "node_modules/@js-soft/docdb-querytranslator": {
            "version": "1.1.5",
            "dev": true,
            "license": "MIT",
            "peer": true
        },
        "node_modules/@js-soft/logging-abstractions": {
            "version": "1.0.1",
            "dev": true,
            "license": "MIT",
            "peer": true
        },
        "node_modules/@js-soft/simple-logger": {
            "version": "1.0.5",
            "dev": true,
            "license": "MIT",
            "peer": true,
            "dependencies": {
                "@js-soft/logging-abstractions": "1.0.1",
                "json-stringify-safe": "^5.0.1",
                "typescript-logging": "^2.2.0",
                "typescript-logging-log4ts-style": "^2.2.0"
            }
        },
        "node_modules/@js-soft/ts-serval": {
            "version": "2.0.11",
            "dev": true,
            "license": "MIT",
            "peer": true,
            "dependencies": {
                "lodash": "^4.17.21",
                "reflect-metadata": "^0.2.2"
            }
        },
        "node_modules/@js-soft/ts-utils": {
            "version": "2.3.3",
            "dev": true,
            "license": "MIT",
            "dependencies": {
                "eventemitter2": "^6.4.9",
                "json-stringify-safe": "^5.0.1",
                "reflect-metadata": "^0.1.13"
            }
        },
        "node_modules/@js-soft/ts-utils/node_modules/reflect-metadata": {
            "version": "0.1.14",
            "dev": true,
            "license": "Apache-2.0"
        },
        "node_modules/@nmshd/connector-types": {
            "version": "6.16.3",
            "dev": true,
            "license": "MIT",
            "peerDependencies": {
                "@nmshd/runtime": "^6.30.0"
            }
        },
        "node_modules/@nmshd/consumption": {
            "version": "6.30.0",
            "dev": true,
            "license": "MIT",
            "peer": true,
            "dependencies": {
                "@js-soft/docdb-querytranslator": "^1.1.5",
                "@js-soft/ts-serval": "2.0.11",
                "@js-soft/ts-utils": "2.3.3",
                "@nmshd/content": "6.30.0",
                "@nmshd/core-types": "6.30.0",
                "@nmshd/iql": "^1.0.2",
                "@nmshd/transport": "6.30.0",
                "lodash": "^4.17.21",
                "ts-simple-nameof": "^1.3.1"
            }
        },
        "node_modules/@nmshd/content": {
            "version": "6.30.0",
            "dev": true,
            "license": "MIT",
            "peer": true,
            "dependencies": {
                "@js-soft/ts-serval": "2.0.11",
                "@nmshd/core-types": "6.30.0",
                "@nmshd/iql": "^1.0.2",
                "luxon": "^3.5.0",
                "ts-simple-nameof": "^1.3.1"
            }
        },
        "node_modules/@nmshd/core-types": {
            "version": "6.30.0",
            "dev": true,
            "license": "MIT",
            "peer": true,
            "dependencies": {
                "@js-soft/logging-abstractions": "^1.0.1",
                "@js-soft/ts-serval": "2.0.11",
                "json-stringify-safe": "^5.0.1",
                "luxon": "^3.5.0"
            }
        },
        "node_modules/@nmshd/crypto": {
            "version": "2.1.0",
            "dev": true,
            "license": "MIT",
            "peer": true,
            "dependencies": {
                "libsodium-wrappers-sumo": "0.7.15",
                "uuid": "10.0.0"
            }
        },
        "node_modules/@nmshd/iql": {
            "version": "1.0.2",
            "dev": true,
            "license": "MIT",
            "peer": true
        },
        "node_modules/@nmshd/runtime": {
            "version": "6.30.0",
            "dev": true,
            "license": "MIT",
            "peer": true,
            "dependencies": {
                "@js-soft/docdb-querytranslator": "^1.1.5",
                "@js-soft/logging-abstractions": "^1.0.1",
                "@js-soft/ts-serval": "2.0.11",
                "@js-soft/ts-utils": "^2.3.3",
                "@nmshd/consumption": "6.30.0",
                "@nmshd/content": "6.30.0",
                "@nmshd/core-types": "6.30.0",
                "@nmshd/crypto": "2.1.0",
                "@nmshd/iql": "^1.0.2",
                "@nmshd/transport": "6.30.0",
                "@nmshd/typescript-ioc": "3.2.4",
                "ajv": "^8.17.1",
                "ajv-errors": "^3.0.0",
                "ajv-formats": "^3.0.1",
                "json-stringify-safe": "^5.0.1",
                "lodash": "^4.17.21",
                "luxon": "^3.5.0",
                "qrcode": "1.5.4",
                "reflect-metadata": "^0.2.2",
                "ts-simple-nameof": "^1.3.1"
            }
        },
        "node_modules/@nmshd/transport": {
            "version": "6.30.0",
            "dev": true,
            "license": "MIT",
            "peer": true,
            "dependencies": {
                "@js-soft/docdb-access-abstractions": "1.1.0",
                "@js-soft/logging-abstractions": "^1.0.1",
                "@js-soft/simple-logger": "1.0.5",
                "@js-soft/ts-utils": "^2.3.3",
                "@nmshd/core-types": "6.30.0",
                "@nmshd/crypto": "2.1.0",
                "axios": "^1.8.1",
                "fast-json-patch": "^3.1.1",
                "form-data": "^4.0.2",
                "https-proxy-agent": "^7.0.6",
                "json-stringify-safe": "^5.0.1",
                "lodash": "^4.17.21",
                "luxon": "^3.5.0",
                "qs": "^6.14.0",
                "reflect-metadata": "^0.2.2",
                "ts-simple-nameof": "^1.3.1",
                "uuid": "^11.1.0"
            }
        },
        "node_modules/@nmshd/transport/node_modules/uuid": {
            "version": "11.1.0",
            "dev": true,
            "funding": [
                "https://github.com/sponsors/broofa",
                "https://github.com/sponsors/ctavan"
            ],
            "license": "MIT",
            "peer": true,
            "bin": {
                "uuid": "dist/esm/bin/uuid"
            }
        },
        "node_modules/@nmshd/typescript-ioc": {
            "version": "3.2.4",
            "dev": true,
            "license": "MIT",
            "peer": true,
            "dependencies": {
                "lodash": "^4.17.21",
                "reflect-metadata": "^0.2.2"
            }
        },
        "node_modules/@types/body-parser": {
            "version": "1.19.5",
            "dev": true,
            "license": "MIT",
            "dependencies": {
                "@types/connect": "*",
                "@types/node": "*"
            }
        },
        "node_modules/@types/connect": {
            "version": "3.4.38",
            "dev": true,
            "license": "MIT",
            "dependencies": {
                "@types/node": "*"
            }
        },
        "node_modules/@types/express": {
            "version": "5.0.1",
            "resolved": "https://registry.npmjs.org/@types/express/-/express-5.0.1.tgz",
            "integrity": "sha512-UZUw8vjpWFXuDnjFTh7/5c2TWDlQqeXHi6hcN7F2XSVT5P+WmUnnbFS3KA6Jnc6IsEqI2qCVu2bK0R0J4A8ZQQ==",
            "dev": true,
            "license": "MIT",
            "dependencies": {
                "@types/body-parser": "*",
                "@types/express-serve-static-core": "^5.0.0",
                "@types/serve-static": "*"
            }
        },
        "node_modules/@types/express-serve-static-core": {
            "version": "5.0.6",
            "dev": true,
            "license": "MIT",
            "dependencies": {
                "@types/node": "*",
                "@types/qs": "*",
                "@types/range-parser": "*",
                "@types/send": "*"
            }
        },
        "node_modules/@types/http-errors": {
            "version": "2.0.4",
            "dev": true,
            "license": "MIT"
        },
        "node_modules/@types/luxon": {
            "version": "3.4.2",
            "dev": true,
            "license": "MIT"
        },
        "node_modules/@types/mime": {
            "version": "1.3.5",
            "dev": true,
            "license": "MIT"
        },
        "node_modules/@types/node": {
            "version": "22.13.10",
            "dev": true,
            "license": "MIT",
            "dependencies": {
                "undici-types": "~6.20.0"
            }
        },
        "node_modules/@types/qs": {
            "version": "6.9.18",
            "dev": true,
            "license": "MIT"
        },
        "node_modules/@types/range-parser": {
            "version": "1.2.7",
            "dev": true,
            "license": "MIT"
        },
        "node_modules/@types/send": {
            "version": "0.17.4",
            "dev": true,
            "license": "MIT",
            "dependencies": {
                "@types/mime": "^1",
                "@types/node": "*"
            }
        },
        "node_modules/@types/serve-static": {
            "version": "1.15.7",
            "dev": true,
            "license": "MIT",
            "dependencies": {
                "@types/http-errors": "*",
                "@types/node": "*",
                "@types/send": "*"
            }
        },
        "node_modules/agent-base": {
            "version": "7.1.3",
            "dev": true,
            "license": "MIT",
            "peer": true,
            "engines": {
                "node": ">= 14"
            }
        },
        "node_modules/ajv": {
            "version": "8.17.1",
            "dev": true,
            "license": "MIT",
            "peer": true,
            "dependencies": {
                "fast-deep-equal": "^3.1.3",
                "fast-uri": "^3.0.1",
                "json-schema-traverse": "^1.0.0",
                "require-from-string": "^2.0.2"
            },
            "funding": {
                "type": "github",
                "url": "https://github.com/sponsors/epoberezkin"
            }
        },
        "node_modules/ajv-errors": {
            "version": "3.0.0",
            "dev": true,
            "license": "MIT",
            "peer": true,
            "peerDependencies": {
                "ajv": "^8.0.1"
            }
        },
        "node_modules/ajv-formats": {
            "version": "3.0.1",
            "dev": true,
            "license": "MIT",
            "peer": true,
            "dependencies": {
                "ajv": "^8.0.0"
            },
            "peerDependencies": {
                "ajv": "^8.0.0"
            },
            "peerDependenciesMeta": {
                "ajv": {
                    "optional": true
                }
            }
        },
        "node_modules/ansi-regex": {
            "version": "5.0.1",
            "dev": true,
            "license": "MIT",
            "peer": true,
            "engines": {
                "node": ">=8"
            }
        },
        "node_modules/ansi-styles": {
            "version": "4.3.0",
            "dev": true,
            "license": "MIT",
            "peer": true,
            "dependencies": {
                "color-convert": "^2.0.1"
            },
            "engines": {
                "node": ">=8"
            },
            "funding": {
                "url": "https://github.com/chalk/ansi-styles?sponsor=1"
            }
        },
        "node_modules/asynckit": {
            "version": "0.4.0",
            "dev": true,
            "license": "MIT",
            "peer": true
        },
        "node_modules/axios": {
            "version": "1.8.3",
            "dev": true,
            "license": "MIT",
            "peer": true,
            "dependencies": {
                "follow-redirects": "^1.15.6",
                "form-data": "^4.0.0",
                "proxy-from-env": "^1.1.0"
            }
        },
        "node_modules/call-bind-apply-helpers": {
            "version": "1.0.2",
            "dev": true,
            "license": "MIT",
            "peer": true,
            "dependencies": {
                "es-errors": "^1.3.0",
                "function-bind": "^1.1.2"
            },
            "engines": {
                "node": ">= 0.4"
            }
        },
        "node_modules/call-bound": {
            "version": "1.0.4",
            "dev": true,
            "license": "MIT",
            "peer": true,
            "dependencies": {
                "call-bind-apply-helpers": "^1.0.2",
                "get-intrinsic": "^1.3.0"
            },
            "engines": {
                "node": ">= 0.4"
            },
            "funding": {
                "url": "https://github.com/sponsors/ljharb"
            }
        },
        "node_modules/camelcase": {
            "version": "5.3.1",
            "dev": true,
            "license": "MIT",
            "peer": true,
            "engines": {
                "node": ">=6"
            }
        },
        "node_modules/cliui": {
            "version": "6.0.0",
            "dev": true,
            "license": "ISC",
            "peer": true,
            "dependencies": {
                "string-width": "^4.2.0",
                "strip-ansi": "^6.0.0",
                "wrap-ansi": "^6.2.0"
            }
        },
        "node_modules/color-convert": {
            "version": "2.0.1",
            "dev": true,
            "license": "MIT",
            "peer": true,
            "dependencies": {
                "color-name": "~1.1.4"
            },
            "engines": {
                "node": ">=7.0.0"
            }
        },
        "node_modules/color-name": {
            "version": "1.1.4",
            "dev": true,
            "license": "MIT",
            "peer": true
        },
        "node_modules/combined-stream": {
            "version": "1.0.8",
            "dev": true,
            "license": "MIT",
            "peer": true,
            "dependencies": {
                "delayed-stream": "~1.0.0"
            },
            "engines": {
                "node": ">= 0.8"
            }
        },
        "node_modules/debug": {
            "version": "4.4.0",
            "dev": true,
            "license": "MIT",
            "peer": true,
            "dependencies": {
                "ms": "^2.1.3"
            },
            "engines": {
                "node": ">=6.0"
            },
            "peerDependenciesMeta": {
                "supports-color": {
                    "optional": true
                }
            }
        },
        "node_modules/decamelize": {
            "version": "1.2.0",
            "dev": true,
            "license": "MIT",
            "peer": true,
            "engines": {
                "node": ">=0.10.0"
            }
        },
        "node_modules/delayed-stream": {
            "version": "1.0.0",
            "dev": true,
            "license": "MIT",
            "peer": true,
            "engines": {
                "node": ">=0.4.0"
            }
        },
        "node_modules/dijkstrajs": {
            "version": "1.0.3",
            "dev": true,
            "license": "MIT",
            "peer": true
        },
        "node_modules/dunder-proto": {
            "version": "1.0.1",
            "dev": true,
            "license": "MIT",
            "peer": true,
            "dependencies": {
                "call-bind-apply-helpers": "^1.0.1",
                "es-errors": "^1.3.0",
                "gopd": "^1.2.0"
            },
            "engines": {
                "node": ">= 0.4"
            }
        },
        "node_modules/emoji-regex": {
            "version": "8.0.0",
            "dev": true,
            "license": "MIT",
            "peer": true
        },
        "node_modules/es-define-property": {
            "version": "1.0.1",
            "dev": true,
            "license": "MIT",
            "peer": true,
            "engines": {
                "node": ">= 0.4"
            }
        },
        "node_modules/es-errors": {
            "version": "1.3.0",
            "dev": true,
            "license": "MIT",
            "peer": true,
            "engines": {
                "node": ">= 0.4"
            }
        },
        "node_modules/es-object-atoms": {
            "version": "1.1.1",
            "dev": true,
            "license": "MIT",
            "peer": true,
            "dependencies": {
                "es-errors": "^1.3.0"
            },
            "engines": {
                "node": ">= 0.4"
            }
        },
        "node_modules/es-set-tostringtag": {
            "version": "2.1.0",
            "dev": true,
            "license": "MIT",
            "peer": true,
            "dependencies": {
                "es-errors": "^1.3.0",
                "get-intrinsic": "^1.2.6",
                "has-tostringtag": "^1.0.2",
                "hasown": "^2.0.2"
            },
            "engines": {
                "node": ">= 0.4"
            }
        },
        "node_modules/eventemitter2": {
            "version": "6.4.9",
            "dev": true,
            "license": "MIT"
        },
        "node_modules/fast-deep-equal": {
            "version": "3.1.3",
            "dev": true,
            "license": "MIT",
            "peer": true
        },
        "node_modules/fast-json-patch": {
            "version": "3.1.1",
            "dev": true,
            "license": "MIT",
            "peer": true
        },
        "node_modules/fast-uri": {
            "version": "3.0.6",
            "dev": true,
            "funding": [
                {
                    "type": "github",
                    "url": "https://github.com/sponsors/fastify"
                },
                {
                    "type": "opencollective",
                    "url": "https://opencollective.com/fastify"
                }
            ],
            "license": "BSD-3-Clause",
            "peer": true
        },
        "node_modules/find-up": {
            "version": "4.1.0",
            "dev": true,
            "license": "MIT",
            "peer": true,
            "dependencies": {
                "locate-path": "^5.0.0",
                "path-exists": "^4.0.0"
            },
            "engines": {
                "node": ">=8"
            }
        },
        "node_modules/follow-redirects": {
            "version": "1.15.9",
            "dev": true,
            "funding": [
                {
                    "type": "individual",
                    "url": "https://github.com/sponsors/RubenVerborgh"
                }
            ],
            "license": "MIT",
            "peer": true,
            "engines": {
                "node": ">=4.0"
            },
            "peerDependenciesMeta": {
                "debug": {
                    "optional": true
                }
            }
        },
        "node_modules/form-data": {
            "version": "4.0.2",
            "dev": true,
            "license": "MIT",
            "peer": true,
            "dependencies": {
                "asynckit": "^0.4.0",
                "combined-stream": "^1.0.8",
                "es-set-tostringtag": "^2.1.0",
                "mime-types": "^2.1.12"
            },
            "engines": {
                "node": ">= 6"
            }
        },
        "node_modules/function-bind": {
            "version": "1.1.2",
            "dev": true,
            "license": "MIT",
            "peer": true,
            "funding": {
                "url": "https://github.com/sponsors/ljharb"
            }
        },
        "node_modules/get-caller-file": {
            "version": "2.0.5",
            "dev": true,
            "license": "ISC",
            "peer": true,
            "engines": {
                "node": "6.* || 8.* || >= 10.*"
            }
        },
        "node_modules/get-intrinsic": {
            "version": "1.3.0",
            "dev": true,
            "license": "MIT",
            "peer": true,
            "dependencies": {
                "call-bind-apply-helpers": "^1.0.2",
                "es-define-property": "^1.0.1",
                "es-errors": "^1.3.0",
                "es-object-atoms": "^1.1.1",
                "function-bind": "^1.1.2",
                "get-proto": "^1.0.1",
                "gopd": "^1.2.0",
                "has-symbols": "^1.1.0",
                "hasown": "^2.0.2",
                "math-intrinsics": "^1.1.0"
            },
            "engines": {
                "node": ">= 0.4"
            },
            "funding": {
                "url": "https://github.com/sponsors/ljharb"
            }
        },
        "node_modules/get-proto": {
            "version": "1.0.1",
            "dev": true,
            "license": "MIT",
            "peer": true,
            "dependencies": {
                "dunder-proto": "^1.0.1",
                "es-object-atoms": "^1.0.0"
            },
            "engines": {
                "node": ">= 0.4"
            }
        },
        "node_modules/gopd": {
            "version": "1.2.0",
            "dev": true,
            "license": "MIT",
            "peer": true,
            "engines": {
                "node": ">= 0.4"
            },
            "funding": {
                "url": "https://github.com/sponsors/ljharb"
            }
        },
        "node_modules/has-symbols": {
            "version": "1.1.0",
            "dev": true,
            "license": "MIT",
            "peer": true,
            "engines": {
                "node": ">= 0.4"
            },
            "funding": {
                "url": "https://github.com/sponsors/ljharb"
            }
        },
        "node_modules/has-tostringtag": {
            "version": "1.0.2",
            "dev": true,
            "license": "MIT",
            "peer": true,
            "dependencies": {
                "has-symbols": "^1.0.3"
            },
            "engines": {
                "node": ">= 0.4"
            },
            "funding": {
                "url": "https://github.com/sponsors/ljharb"
            }
        },
        "node_modules/hasown": {
            "version": "2.0.2",
            "dev": true,
            "license": "MIT",
            "peer": true,
            "dependencies": {
                "function-bind": "^1.1.2"
            },
            "engines": {
                "node": ">= 0.4"
            }
        },
        "node_modules/https-proxy-agent": {
            "version": "7.0.6",
            "dev": true,
            "license": "MIT",
            "peer": true,
            "dependencies": {
                "agent-base": "^7.1.2",
                "debug": "4"
            },
            "engines": {
                "node": ">= 14"
            }
        },
        "node_modules/is-fullwidth-code-point": {
            "version": "3.0.0",
            "dev": true,
            "license": "MIT",
            "peer": true,
            "engines": {
                "node": ">=8"
            }
        },
        "node_modules/json-schema-traverse": {
            "version": "1.0.0",
            "dev": true,
            "license": "MIT",
            "peer": true
        },
        "node_modules/json-stringify-safe": {
            "version": "5.0.1",
            "dev": true,
            "license": "ISC"
        },
        "node_modules/libsodium-sumo": {
            "version": "0.7.15",
            "dev": true,
            "license": "ISC",
            "peer": true
        },
        "node_modules/libsodium-wrappers-sumo": {
            "version": "0.7.15",
            "dev": true,
            "license": "ISC",
            "peer": true,
            "dependencies": {
                "libsodium-sumo": "^0.7.15"
            }
        },
        "node_modules/locate-path": {
            "version": "5.0.0",
            "dev": true,
            "license": "MIT",
            "peer": true,
            "dependencies": {
                "p-locate": "^4.1.0"
            },
            "engines": {
                "node": ">=8"
            }
        },
        "node_modules/lodash": {
            "version": "4.17.21",
            "dev": true,
            "license": "MIT",
            "peer": true
        },
        "node_modules/luxon": {
            "version": "3.5.0",
            "dev": true,
            "license": "MIT",
            "peer": true,
            "engines": {
                "node": ">=12"
            }
        },
        "node_modules/math-intrinsics": {
            "version": "1.1.0",
            "dev": true,
            "license": "MIT",
            "peer": true,
            "engines": {
                "node": ">= 0.4"
            }
        },
        "node_modules/mime-db": {
            "version": "1.52.0",
            "dev": true,
            "license": "MIT",
            "peer": true,
            "engines": {
                "node": ">= 0.6"
            }
        },
        "node_modules/mime-types": {
            "version": "2.1.35",
            "dev": true,
            "license": "MIT",
            "peer": true,
            "dependencies": {
                "mime-db": "1.52.0"
            },
            "engines": {
                "node": ">= 0.6"
            }
        },
        "node_modules/ms": {
            "version": "2.1.3",
            "dev": true,
            "license": "MIT",
            "peer": true
        },
        "node_modules/object-inspect": {
            "version": "1.13.4",
            "dev": true,
            "license": "MIT",
            "peer": true,
            "engines": {
                "node": ">= 0.4"
            },
            "funding": {
                "url": "https://github.com/sponsors/ljharb"
            }
        },
        "node_modules/p-limit": {
            "version": "2.3.0",
            "dev": true,
            "license": "MIT",
            "peer": true,
            "dependencies": {
                "p-try": "^2.0.0"
            },
            "engines": {
                "node": ">=6"
            },
            "funding": {
                "url": "https://github.com/sponsors/sindresorhus"
            }
        },
        "node_modules/p-locate": {
            "version": "4.1.0",
            "dev": true,
            "license": "MIT",
            "peer": true,
            "dependencies": {
                "p-limit": "^2.2.0"
            },
            "engines": {
                "node": ">=8"
            }
        },
        "node_modules/p-try": {
            "version": "2.2.0",
            "dev": true,
            "license": "MIT",
            "peer": true,
            "engines": {
                "node": ">=6"
            }
        },
        "node_modules/path-exists": {
            "version": "4.0.0",
            "dev": true,
            "license": "MIT",
            "peer": true,
            "engines": {
                "node": ">=8"
            }
        },
        "node_modules/pngjs": {
            "version": "5.0.0",
            "dev": true,
            "license": "MIT",
            "peer": true,
            "engines": {
                "node": ">=10.13.0"
            }
        },
        "node_modules/proxy-from-env": {
            "version": "1.1.0",
            "dev": true,
            "license": "MIT",
            "peer": true
        },
        "node_modules/qrcode": {
            "version": "1.5.4",
            "dev": true,
            "license": "MIT",
            "peer": true,
            "dependencies": {
                "dijkstrajs": "^1.0.1",
                "pngjs": "^5.0.0",
                "yargs": "^15.3.1"
            },
            "bin": {
                "qrcode": "bin/qrcode"
            },
            "engines": {
                "node": ">=10.13.0"
            }
        },
        "node_modules/qs": {
            "version": "6.14.0",
            "dev": true,
            "license": "BSD-3-Clause",
            "peer": true,
            "dependencies": {
                "side-channel": "^1.1.0"
            },
            "engines": {
                "node": ">=0.6"
            },
            "funding": {
                "url": "https://github.com/sponsors/ljharb"
            }
        },
        "node_modules/reflect-metadata": {
            "version": "0.2.2",
            "dev": true,
            "license": "Apache-2.0",
            "peer": true
        },
        "node_modules/require-directory": {
            "version": "2.1.1",
            "dev": true,
            "license": "MIT",
            "peer": true,
            "engines": {
                "node": ">=0.10.0"
            }
        },
        "node_modules/require-from-string": {
            "version": "2.0.2",
            "dev": true,
            "license": "MIT",
            "peer": true,
            "engines": {
                "node": ">=0.10.0"
            }
        },
        "node_modules/require-main-filename": {
            "version": "2.0.0",
            "dev": true,
            "license": "ISC",
            "peer": true
        },
        "node_modules/set-blocking": {
            "version": "2.0.0",
            "dev": true,
            "license": "ISC",
            "peer": true
        },
        "node_modules/side-channel": {
            "version": "1.1.0",
            "dev": true,
            "license": "MIT",
            "peer": true,
            "dependencies": {
                "es-errors": "^1.3.0",
                "object-inspect": "^1.13.3",
                "side-channel-list": "^1.0.0",
                "side-channel-map": "^1.0.1",
                "side-channel-weakmap": "^1.0.2"
            },
            "engines": {
                "node": ">= 0.4"
            },
            "funding": {
                "url": "https://github.com/sponsors/ljharb"
            }
        },
        "node_modules/side-channel-list": {
            "version": "1.0.0",
            "dev": true,
            "license": "MIT",
            "peer": true,
            "dependencies": {
                "es-errors": "^1.3.0",
                "object-inspect": "^1.13.3"
            },
            "engines": {
                "node": ">= 0.4"
            },
            "funding": {
                "url": "https://github.com/sponsors/ljharb"
            }
        },
        "node_modules/side-channel-map": {
            "version": "1.0.1",
            "dev": true,
            "license": "MIT",
            "peer": true,
            "dependencies": {
                "call-bound": "^1.0.2",
                "es-errors": "^1.3.0",
                "get-intrinsic": "^1.2.5",
                "object-inspect": "^1.13.3"
            },
            "engines": {
                "node": ">= 0.4"
            },
            "funding": {
                "url": "https://github.com/sponsors/ljharb"
            }
        },
        "node_modules/side-channel-weakmap": {
            "version": "1.0.2",
            "dev": true,
            "license": "MIT",
            "peer": true,
            "dependencies": {
                "call-bound": "^1.0.2",
                "es-errors": "^1.3.0",
                "get-intrinsic": "^1.2.5",
                "object-inspect": "^1.13.3",
                "side-channel-map": "^1.0.1"
            },
            "engines": {
                "node": ">= 0.4"
            },
            "funding": {
                "url": "https://github.com/sponsors/ljharb"
            }
        },
        "node_modules/string-width": {
            "version": "4.2.3",
            "dev": true,
            "license": "MIT",
            "peer": true,
            "dependencies": {
                "emoji-regex": "^8.0.0",
                "is-fullwidth-code-point": "^3.0.0",
                "strip-ansi": "^6.0.1"
            },
            "engines": {
                "node": ">=8"
            }
        },
        "node_modules/strip-ansi": {
            "version": "6.0.1",
            "dev": true,
            "license": "MIT",
            "peer": true,
            "dependencies": {
                "ansi-regex": "^5.0.1"
            },
            "engines": {
                "node": ">=8"
            }
        },
        "node_modules/ts-simple-nameof": {
            "version": "1.3.1",
            "dev": true,
            "license": "MIT",
            "peer": true
        },
        "node_modules/typescript-logging": {
            "version": "2.2.0",
            "dev": true,
            "license": "Apache-2.0",
            "peer": true
        },
        "node_modules/typescript-logging-log4ts-style": {
            "version": "2.2.0",
            "dev": true,
            "license": "Apache-2.0",
            "peer": true,
            "peerDependencies": {
                "typescript-logging": "~2.2.0"
            }
        },
        "node_modules/undici-types": {
            "version": "6.20.0",
            "dev": true,
            "license": "MIT"
        },
        "node_modules/uuid": {
            "version": "10.0.0",
            "dev": true,
            "funding": [
                "https://github.com/sponsors/broofa",
                "https://github.com/sponsors/ctavan"
            ],
            "license": "MIT",
            "peer": true,
            "bin": {
                "uuid": "dist/bin/uuid"
            }
        },
        "node_modules/which-module": {
            "version": "2.0.1",
            "dev": true,
            "license": "ISC",
            "peer": true
        },
        "node_modules/wrap-ansi": {
            "version": "6.2.0",
            "dev": true,
            "license": "MIT",
            "peer": true,
            "dependencies": {
                "ansi-styles": "^4.0.0",
                "string-width": "^4.1.0",
                "strip-ansi": "^6.0.0"
            },
            "engines": {
                "node": ">=8"
            }
        },
        "node_modules/y18n": {
            "version": "4.0.3",
            "dev": true,
            "license": "ISC",
            "peer": true
        },
        "node_modules/yargs": {
            "version": "15.4.1",
            "dev": true,
            "license": "MIT",
            "peer": true,
            "dependencies": {
                "cliui": "^6.0.0",
                "decamelize": "^1.2.0",
                "find-up": "^4.1.0",
                "get-caller-file": "^2.0.1",
                "require-directory": "^2.1.1",
                "require-main-filename": "^2.0.0",
                "set-blocking": "^2.0.0",
                "string-width": "^4.2.0",
                "which-module": "^2.0.0",
                "y18n": "^4.0.0",
                "yargs-parser": "^18.1.2"
            },
            "engines": {
                "node": ">=8"
            }
        },
        "node_modules/yargs-parser": {
            "version": "18.1.3",
            "dev": true,
            "license": "ISC",
            "peer": true,
            "dependencies": {
                "camelcase": "^5.0.0",
                "decamelize": "^1.2.0"
            },
            "engines": {
                "node": ">=6"
            }
        }
    }
}
